{
  "pins" : [
    {
      "identity" : "injectable",
      "kind" : "remoteSourceControl",
      "location" : "git@github.com:nhiroyasu/Injectable.git",
      "state" : {
        "revision" : "580e4fb209fb65383810c277aeab0db4238babb9",
        "version" : "1.0.0"
      }
    },
    {
      "identity" : "magnet",
      "kind" : "remoteSourceControl",
      "location" : "https://github.com/Clipy/Magnet.git",
      "state" : {
        "revision" : "e719b5cae545a43e2965a3fbbdd42485c3a3abcb",
        "version" : "3.3.0"
      }
    },
    {
      "identity" : "sauce",
      "kind" : "remoteSourceControl",
      "location" : "https://github.com/Clipy/Sauce",
      "state" : {
        "revision" : "2fcf7e43a242b183fdea3f2275ebec0d773b65f5",
        "version" : "2.2.0"
      }
    },
    {
      "identity" : "swinject",
      "kind" : "remoteSourceControl",
      "location" : "https://github.com/Swinject/Swinject.git",
      "state" : {
        "revision" : "f10b6e9ebff440f985c43008f7c2d097639fcb81",
        "version" : "2.8.1"
      }
    }
  ],
  "version" : 2
}
