// !$*UTF8*$!
{
	archiveVersion = 1;
	classes = {
	};
	objectVersion = 55;
	objects = {

/* Begin PBXBuildFile section */
		4FBCEAFA27C1FA3300BCF88C /* AppDelegate.swift in Sources */ = {isa = PBXBuildFile; fileRef = 4FBCEAF927C1FA3300BCF88C /* AppDelegate.swift */; };
		4FBCEAFC27C1FA3300BCF88C /* SlideOverViewController.swift in Sources */ = {isa = PBXBuildFile; fileRef = 4FBCEAFB27C1FA3300BCF88C /* SlideOverViewController.swift */; };
		4FBCEAFE27C1FA3400BCF88C /* Assets.xcassets in Resources */ = {isa = PBXBuildFile; fileRef = 4FBCEAFD27C1FA3400BCF88C /* Assets.xcassets */; };
		4FBCEB0127C1FA3400BCF88C /* Main.storyboard in Resources */ = {isa = PBXBuildFile; fileRef = 4FBCEAFF27C1FA3400BCF88C /* Main.storyboard */; };
		4FBCEB0927C1FA5600BCF88C /* SlideOverWindowController.swift.swift in Sources */ = {isa = PBXBuildFile; fileRef = 4FBCEB0827C1FA5600BCF88C /* SlideOverWindowController.swift.swift */; };
		4FBCEB0C27C1FB1D00BCF88C /* WebKit.framework in Frameworks */ = {isa = PBXBuildFile; fileRef = 4FBCEB0B27C1FB1D00BCF88C /* WebKit.framework */; platformFilter = maccatalyst; };
		4FBCEB0E27C20BBA00BCF88C /* SlideOverService.swift in Sources */ = {isa = PBXBuildFile; fileRef = 4FBCEB0D27C20BBA00BCF88C /* SlideOverService.swift */; };
		4FBCEB1027C2709F00BCF88C /* SlideOverComputable.swift in Sources */ = {isa = PBXBuildFile; fileRef = 4FBCEB0F27C2709F00BCF88C /* SlideOverComputable.swift */; };
		4FBCEB1227C27B7700BCF88C /* MousePositionService.swift in Sources */ = {isa = PBXBuildFile; fileRef = 4FBCEB1127C27B7700BCF88C /* MousePositionService.swift */; };
		4FBCEB1A27C27EC800BCF88C /* slideover_for_macosTests.swift in Sources */ = {isa = PBXBuildFile; fileRef = 4FBCEB1927C27EC800BCF88C /* slideover_for_macosTests.swift */; };
		4FBCEB2127C27EE200BCF88C /* MousePointServiceTests.swift in Sources */ = {isa = PBXBuildFile; fileRef = 4FBCEB2027C27EE200BCF88C /* MousePointServiceTests.swift */; };
		4FBCEB2327C6244900BCF88C /* UserSettingService.swift in Sources */ = {isa = PBXBuildFile; fileRef = 4FBCEB2227C6244900BCF88C /* UserSettingService.swift */; };
		4FBCEB2D27C626FD00BCF88C /* Injectable.swift in Sources */ = {isa = PBXBuildFile; fileRef = 4FBCEB2C27C626FD00BCF88C /* Injectable.swift */; };
		4FBCEB2F27C6273800BCF88C /* Dependencies.swift in Sources */ = {isa = PBXBuildFile; fileRef = 4FBCEB2E27C6273800BCF88C /* Dependencies.swift */; };
		4FBCEB3127C627C600BCF88C /* Injector.swift in Sources */ = {isa = PBXBuildFile; fileRef = 4FBCEB3027C627C600BCF88C /* Injector.swift */; };
		4FBCEB3327C6282200BCF88C /* SwinjectInjector.swift in Sources */ = {isa = PBXBuildFile; fileRef = 4FBCEB3227C6282200BCF88C /* SwinjectInjector.swift */; };
		4FBCEB3527C6285000BCF88C /* AppContainer.swift in Sources */ = {isa = PBXBuildFile; fileRef = 4FBCEB3427C6285000BCF88C /* AppContainer.swift */; };
		4FBCEB3727C62A4000BCF88C /* Container+.swift in Sources */ = {isa = PBXBuildFile; fileRef = 4FBCEB3627C62A4000BCF88C /* Container+.swift */; };
		4FBCEB3A27C62B6000BCF88C /* Swinject in Frameworks */ = {isa = PBXBuildFile; productRef = 4FBCEB3927C62B6000BCF88C /* Swinject */; };
		4FBCEB3D27C63A3000BCF88C /* SlideOverWindowPresenter.swift in Sources */ = {isa = PBXBuildFile; fileRef = 4FBCEB3C27C63A3000BCF88C /* SlideOverWindowPresenter.swift */; };
		4FBCEB4027C63B6C00BCF88C /* SlideOverWindowAction.swift in Sources */ = {isa = PBXBuildFile; fileRef = 4FBCEB3F27C63B6C00BCF88C /* SlideOverWindowAction.swift */; };
		4FBCEB4227C63B8D00BCF88C /* SlideOverWindowUseCase.swift in Sources */ = {isa = PBXBuildFile; fileRef = 4FBCEB4127C63B8D00BCF88C /* SlideOverWindowUseCase.swift */; };
		4FBCEB4427C667EF00BCF88C /* SlideOverWebView.swift in Sources */ = {isa = PBXBuildFile; fileRef = 4FBCEB4327C667EF00BCF88C /* SlideOverWebView.swift */; };
		4FBCEB4727C680A400BCF88C /* AlearService.swift in Sources */ = {isa = PBXBuildFile; fileRef = 4FBCEB4627C680A400BCF88C /* AlearService.swift */; };
		4FBCEB4927C6810300BCF88C /* URLValidationService.swift in Sources */ = {isa = PBXBuildFile; fileRef = 4FBCEB4827C6810300BCF88C /* URLValidationService.swift */; };
		4FBCEB4B27C7C8C100BCF88C /* URLEncodeService.swift in Sources */ = {isa = PBXBuildFile; fileRef = 4FBCEB4A27C7C8C100BCF88C /* URLEncodeService.swift */; };
		4FBCEB4E27CA1E5500BCF88C /* NotificationManager.swift in Sources */ = {isa = PBXBuildFile; fileRef = 4FBCEB4D27CA1E5500BCF88C /* NotificationManager.swift */; };
		4FBCEB5127CBAE5600BCF88C /* WKPreferences.m in Sources */ = {isa = PBXBuildFile; fileRef = 4FBCEB5027CBAE5600BCF88C /* WKPreferences.m */; };
		4FBCEB5427CBBC2500BCF88C /* UserAgent.swift in Sources */ = {isa = PBXBuildFile; fileRef = 4FBCEB5327CBBC2500BCF88C /* UserAgent.swift */; };
		4FBCEB5627D3259A00BCF88C /* WebViewService.swift in Sources */ = {isa = PBXBuildFile; fileRef = 4FBCEB5527D3259A00BCF88C /* WebViewService.swift */; };
/* End PBXBuildFile section */

/* Begin PBXContainerItemProxy section */
		4FBCEB1B27C27EC800BCF88C /* PBXContainerItemProxy */ = {
			isa = PBXContainerItemProxy;
			containerPortal = 4FBCEAEE27C1FA3300BCF88C /* Project object */;
			proxyType = 1;
			remoteGlobalIDString = 4FBCEAF527C1FA3300BCF88C;
			remoteInfo = "slideover-for-macos";
		};
/* End PBXContainerItemProxy section */

/* Begin PBXFileReference section */
		4FBCEAF627C1FA3300BCF88C /* On the Screen.app */ = {isa = PBXFileReference; explicitFileType = wrapper.application; includeInIndex = 0; path = "On the Screen.app"; sourceTree = BUILT_PRODUCTS_DIR; };
		4FBCEAF927C1FA3300BCF88C /* AppDelegate.swift */ = {isa = PBXFileReference; lastKnownFileType = sourcecode.swift; path = AppDelegate.swift; sourceTree = "<group>"; };
		4FBCEAFB27C1FA3300BCF88C /* SlideOverViewController.swift */ = {isa = PBXFileReference; lastKnownFileType = sourcecode.swift; path = SlideOverViewController.swift; sourceTree = "<group>"; };
		4FBCEAFD27C1FA3400BCF88C /* Assets.xcassets */ = {isa = PBXFileReference; lastKnownFileType = folder.assetcatalog; path = Assets.xcassets; sourceTree = "<group>"; };
		4FBCEB0027C1FA3400BCF88C /* Base */ = {isa = PBXFileReference; lastKnownFileType = file.storyboard; name = Base; path = Base.lproj/Main.storyboard; sourceTree = "<group>"; };
		4FBCEB0227C1FA3400BCF88C /* slideover_for_macos.entitlements */ = {isa = PBXFileReference; lastKnownFileType = text.plist.entitlements; path = slideover_for_macos.entitlements; sourceTree = "<group>"; };
		4FBCEB0827C1FA5600BCF88C /* SlideOverWindowController.swift.swift */ = {isa = PBXFileReference; lastKnownFileType = sourcecode.swift; path = SlideOverWindowController.swift.swift; sourceTree = "<group>"; };
		4FBCEB0B27C1FB1D00BCF88C /* WebKit.framework */ = {isa = PBXFileReference; lastKnownFileType = wrapper.framework; name = WebKit.framework; path = System/Library/Frameworks/WebKit.framework; sourceTree = SDKROOT; };
		4FBCEB0D27C20BBA00BCF88C /* SlideOverService.swift */ = {isa = PBXFileReference; lastKnownFileType = sourcecode.swift; path = SlideOverService.swift; sourceTree = "<group>"; };
		4FBCEB0F27C2709F00BCF88C /* SlideOverComputable.swift */ = {isa = PBXFileReference; lastKnownFileType = sourcecode.swift; path = SlideOverComputable.swift; sourceTree = "<group>"; };
		4FBCEB1127C27B7700BCF88C /* MousePositionService.swift */ = {isa = PBXFileReference; lastKnownFileType = sourcecode.swift; path = MousePositionService.swift; sourceTree = "<group>"; };
		4FBCEB1727C27EC800BCF88C /* On the Screen Tests.xctest */ = {isa = PBXFileReference; explicitFileType = wrapper.cfbundle; includeInIndex = 0; path = "On the Screen Tests.xctest"; sourceTree = BUILT_PRODUCTS_DIR; };
		4FBCEB1927C27EC800BCF88C /* slideover_for_macosTests.swift */ = {isa = PBXFileReference; lastKnownFileType = sourcecode.swift; path = slideover_for_macosTests.swift; sourceTree = "<group>"; };
		4FBCEB2027C27EE200BCF88C /* MousePointServiceTests.swift */ = {isa = PBXFileReference; lastKnownFileType = sourcecode.swift; path = MousePointServiceTests.swift; sourceTree = "<group>"; };
		4FBCEB2227C6244900BCF88C /* UserSettingService.swift */ = {isa = PBXFileReference; lastKnownFileType = sourcecode.swift; path = UserSettingService.swift; sourceTree = "<group>"; };
		4FBCEB2C27C626FD00BCF88C /* Injectable.swift */ = {isa = PBXFileReference; lastKnownFileType = sourcecode.swift; path = Injectable.swift; sourceTree = "<group>"; };
		4FBCEB2E27C6273800BCF88C /* Dependencies.swift */ = {isa = PBXFileReference; lastKnownFileType = sourcecode.swift; path = Dependencies.swift; sourceTree = "<group>"; };
		4FBCEB3027C627C600BCF88C /* Injector.swift */ = {isa = PBXFileReference; lastKnownFileType = sourcecode.swift; path = Injector.swift; sourceTree = "<group>"; };
		4FBCEB3227C6282200BCF88C /* SwinjectInjector.swift */ = {isa = PBXFileReference; lastKnownFileType = sourcecode.swift; path = SwinjectInjector.swift; sourceTree = "<group>"; };
		4FBCEB3427C6285000BCF88C /* AppContainer.swift */ = {isa = PBXFileReference; lastKnownFileType = sourcecode.swift; path = AppContainer.swift; sourceTree = "<group>"; };
		4FBCEB3627C62A4000BCF88C /* Container+.swift */ = {isa = PBXFileReference; lastKnownFileType = sourcecode.swift; path = "Container+.swift"; sourceTree = "<group>"; };
		4FBCEB3C27C63A3000BCF88C /* SlideOverWindowPresenter.swift */ = {isa = PBXFileReference; lastKnownFileType = sourcecode.swift; path = SlideOverWindowPresenter.swift; sourceTree = "<group>"; };
		4FBCEB3F27C63B6C00BCF88C /* SlideOverWindowAction.swift */ = {isa = PBXFileReference; lastKnownFileType = sourcecode.swift; path = SlideOverWindowAction.swift; sourceTree = "<group>"; };
		4FBCEB4127C63B8D00BCF88C /* SlideOverWindowUseCase.swift */ = {isa = PBXFileReference; lastKnownFileType = sourcecode.swift; path = SlideOverWindowUseCase.swift; sourceTree = "<group>"; };
		4FBCEB4327C667EF00BCF88C /* SlideOverWebView.swift */ = {isa = PBXFileReference; lastKnownFileType = sourcecode.swift; path = SlideOverWebView.swift; sourceTree = "<group>"; };
		4FBCEB4627C680A400BCF88C /* AlearService.swift */ = {isa = PBXFileReference; lastKnownFileType = sourcecode.swift; path = AlearService.swift; sourceTree = "<group>"; };
		4FBCEB4827C6810300BCF88C /* URLValidationService.swift */ = {isa = PBXFileReference; lastKnownFileType = sourcecode.swift; path = URLValidationService.swift; sourceTree = "<group>"; };
		4FBCEB4A27C7C8C100BCF88C /* URLEncodeService.swift */ = {isa = PBXFileReference; lastKnownFileType = sourcecode.swift; path = URLEncodeService.swift; sourceTree = "<group>"; };
		4FBCEB4C27CA1AC400BCF88C /* Info.plist */ = {isa = PBXFileReference; lastKnownFileType = text.plist; path = Info.plist; sourceTree = "<group>"; };
		4FBCEB4D27CA1E5500BCF88C /* NotificationManager.swift */ = {isa = PBXFileReference; lastKnownFileType = sourcecode.swift; path = NotificationManager.swift; sourceTree = "<group>"; };
		4FBCEB4F27CBAE5500BCF88C /* slideover-for-macos-Bridging-Header.h */ = {isa = PBXFileReference; lastKnownFileType = sourcecode.c.h; path = "slideover-for-macos-Bridging-Header.h"; sourceTree = "<group>"; };
		4FBCEB5027CBAE5600BCF88C /* WKPreferences.m */ = {isa = PBXFileReference; lastKnownFileType = sourcecode.c.objc; path = WKPreferences.m; sourceTree = "<group>"; };
		4FBCEB5327CBBC2500BCF88C /* UserAgent.swift */ = {isa = PBXFileReference; lastKnownFileType = sourcecode.swift; path = UserAgent.swift; sourceTree = "<group>"; };
		4FBCEB5527D3259A00BCF88C /* WebViewService.swift */ = {isa = PBXFileReference; lastKnownFileType = sourcecode.swift; path = WebViewService.swift; sourceTree = "<group>"; };
/* End PBXFileReference section */

/* Begin PBXFrameworksBuildPhase section */
		4FBCEAF327C1FA3300BCF88C /* Frameworks */ = {
			isa = PBXFrameworksBuildPhase;
			buildActionMask = 2147483647;
			files = (
				4FBCEB0C27C1FB1D00BCF88C /* WebKit.framework in Frameworks */,
				4FBCEB3A27C62B6000BCF88C /* Swinject in Frameworks */,
			);
			runOnlyForDeploymentPostprocessing = 0;
		};
		4FBCEB1427C27EC800BCF88C /* Frameworks */ = {
			isa = PBXFrameworksBuildPhase;
			buildActionMask = 2147483647;
			files = (
			);
			runOnlyForDeploymentPostprocessing = 0;
		};
/* End PBXFrameworksBuildPhase section */

/* Begin PBXGroup section */
		4FBCEAED27C1FA3300BCF88C = {
			isa = PBXGroup;
			children = (
				4FBCEAF827C1FA3300BCF88C /* slideover-for-macos */,
				4FBCEB1827C27EC800BCF88C /* slideover-for-macosTests */,
				4FBCEAF727C1FA3300BCF88C /* Products */,
				4FBCEB0A27C1FB1D00BCF88C /* Frameworks */,
			);
			sourceTree = "<group>";
		};
		4FBCEAF727C1FA3300BCF88C /* Products */ = {
			isa = PBXGroup;
			children = (
				4FBCEAF627C1FA3300BCF88C /* On the Screen.app */,
				4FBCEB1727C27EC800BCF88C /* On the Screen Tests.xctest */,
			);
			name = Products;
			sourceTree = "<group>";
		};
		4FBCEAF827C1FA3300BCF88C /* slideover-for-macos */ = {
			isa = PBXGroup;
			children = (
				4FBCEB4C27CA1AC400BCF88C /* Info.plist */,
				4FBCEB5227CBBC0200BCF88C /* Entity */,
				4FBCEB2B27C6262400BCF88C /* DI */,
				4FBCEB2A27C625DB00BCF88C /* UI */,
				4FBCEB3B27C63A2300BCF88C /* Module */,
				4FBCEB2927C625C900BCF88C /* Service */,
				4FBCEAF927C1FA3300BCF88C /* AppDelegate.swift */,
				4FBCEAFD27C1FA3400BCF88C /* Assets.xcassets */,
				4FBCEB0227C1FA3400BCF88C /* slideover_for_macos.entitlements */,
				4FBCEB5027CBAE5600BCF88C /* WKPreferences.m */,
				4FBCEB4F27CBAE5500BCF88C /* slideover-for-macos-Bridging-Header.h */,
			);
			path = "slideover-for-macos";
			sourceTree = "<group>";
		};
		4FBCEB0A27C1FB1D00BCF88C /* Frameworks */ = {
			isa = PBXGroup;
			children = (
				4FBCEB0B27C1FB1D00BCF88C /* WebKit.framework */,
			);
			name = Frameworks;
			sourceTree = "<group>";
		};
		4FBCEB1827C27EC800BCF88C /* slideover-for-macosTests */ = {
			isa = PBXGroup;
			children = (
				4FBCEB1927C27EC800BCF88C /* slideover_for_macosTests.swift */,
				4FBCEB2027C27EE200BCF88C /* MousePointServiceTests.swift */,
			);
			path = "slideover-for-macosTests";
			sourceTree = "<group>";
		};
		4FBCEB2927C625C900BCF88C /* Service */ = {
			isa = PBXGroup;
			children = (
				4FBCEB1127C27B7700BCF88C /* MousePositionService.swift */,
				4FBCEB2227C6244900BCF88C /* UserSettingService.swift */,
				4FBCEB0F27C2709F00BCF88C /* SlideOverComputable.swift */,
				4FBCEB0D27C20BBA00BCF88C /* SlideOverService.swift */,
				4FBCEB4627C680A400BCF88C /* AlearService.swift */,
				4FBCEB4827C6810300BCF88C /* URLValidationService.swift */,
				4FBCEB4A27C7C8C100BCF88C /* URLEncodeService.swift */,
				4FBCEB4D27CA1E5500BCF88C /* NotificationManager.swift */,
				4FBCEB5527D3259A00BCF88C /* WebViewService.swift */,
			);
			path = Service;
			sourceTree = "<group>";
		};
		4FBCEB2A27C625DB00BCF88C /* UI */ = {
			isa = PBXGroup;
			children = (
				4FBCEB4527C668A900BCF88C /* Util */,
				4FBCEB0827C1FA5600BCF88C /* SlideOverWindowController.swift.swift */,
				4FBCEAFB27C1FA3300BCF88C /* SlideOverViewController.swift */,
				4FBCEAFF27C1FA3400BCF88C /* Main.storyboard */,
			);
			path = UI;
			sourceTree = "<group>";
		};
		4FBCEB2B27C6262400BCF88C /* DI */ = {
			isa = PBXGroup;
			children = (
				4FBCEB2C27C626FD00BCF88C /* Injectable.swift */,
				4FBCEB2E27C6273800BCF88C /* Dependencies.swift */,
				4FBCEB3027C627C600BCF88C /* Injector.swift */,
				4FBCEB3227C6282200BCF88C /* SwinjectInjector.swift */,
				4FBCEB3427C6285000BCF88C /* AppContainer.swift */,
				4FBCEB3627C62A4000BCF88C /* Container+.swift */,
			);
			path = DI;
			sourceTree = "<group>";
		};
		4FBCEB3B27C63A2300BCF88C /* Module */ = {
			isa = PBXGroup;
			children = (
				4FBCEB3E27C63B5900BCF88C /* SlideOverWindow */,
			);
			path = Module;
			sourceTree = "<group>";
		};
		4FBCEB3E27C63B5900BCF88C /* SlideOverWindow */ = {
			isa = PBXGroup;
			children = (
				4FBCEB3F27C63B6C00BCF88C /* SlideOverWindowAction.swift */,
				4FBCEB4127C63B8D00BCF88C /* SlideOverWindowUseCase.swift */,
				4FBCEB3C27C63A3000BCF88C /* SlideOverWindowPresenter.swift */,
			);
			path = SlideOverWindow;
			sourceTree = "<group>";
		};
		4FBCEB4527C668A900BCF88C /* Util */ = {
			isa = PBXGroup;
			children = (
				4FBCEB4327C667EF00BCF88C /* SlideOverWebView.swift */,
			);
			path = Util;
			sourceTree = "<group>";
		};
		4FBCEB5227CBBC0200BCF88C /* Entity */ = {
			isa = PBXGroup;
			children = (
				4FBCEB5327CBBC2500BCF88C /* UserAgent.swift */,
			);
			path = Entity;
			sourceTree = "<group>";
		};
/* End PBXGroup section */

/* Begin PBXNativeTarget section */
		4FBCEAF527C1FA3300BCF88C /* On the Screen */ = {
			isa = PBXNativeTarget;
			buildConfigurationList = 4FBCEB0527C1FA3400BCF88C /* Build configuration list for PBXNativeTarget "On the Screen" */;
			buildPhases = (
				4FBCEAF227C1FA3300BCF88C /* Sources */,
				4FBCEAF327C1FA3300BCF88C /* Frameworks */,
				4FBCEAF427C1FA3300BCF88C /* Resources */,
			);
			buildRules = (
			);
			dependencies = (
			);
			name = "On the Screen";
			packageProductDependencies = (
				4FBCEB3927C62B6000BCF88C /* Swinject */,
			);
			productName = "slideover-for-macos";
			productReference = 4FBCEAF627C1FA3300BCF88C /* On the Screen.app */;
			productType = "com.apple.product-type.application";
		};
		4FBCEB1627C27EC800BCF88C /* On the Screen Tests */ = {
			isa = PBXNativeTarget;
			buildConfigurationList = 4FBCEB1D27C27EC800BCF88C /* Build configuration list for PBXNativeTarget "On the Screen Tests" */;
			buildPhases = (
				4FBCEB1327C27EC800BCF88C /* Sources */,
				4FBCEB1427C27EC800BCF88C /* Frameworks */,
				4FBCEB1527C27EC800BCF88C /* Resources */,
			);
			buildRules = (
			);
			dependencies = (
				4FBCEB1C27C27EC800BCF88C /* PBXTargetDependency */,
			);
			name = "On the Screen Tests";
			productName = "slideover-for-macosTests";
			productReference = 4FBCEB1727C27EC800BCF88C /* On the Screen Tests.xctest */;
			productType = "com.apple.product-type.bundle.unit-test";
		};
/* End PBXNativeTarget section */

/* Begin PBXProject section */
		4FBCEAEE27C1FA3300BCF88C /* Project object */ = {
			isa = PBXProject;
			attributes = {
				BuildIndependentTargetsInParallel = 1;
				LastSwiftUpdateCheck = 1320;
				LastUpgradeCheck = 1320;
				TargetAttributes = {
					4FBCEAF527C1FA3300BCF88C = {
						CreatedOnToolsVersion = 13.2.1;
						LastSwiftMigration = 1320;
					};
					4FBCEB1627C27EC800BCF88C = {
						CreatedOnToolsVersion = 13.2.1;
						TestTargetID = 4FBCEAF527C1FA3300BCF88C;
					};
				};
			};
			buildConfigurationList = 4FBCEAF127C1FA3300BCF88C /* Build configuration list for PBXProject "slideover-for-macos" */;
			compatibilityVersion = "Xcode 13.0";
			developmentRegion = en;
			hasScannedForEncodings = 0;
			knownRegions = (
				en,
				Base,
			);
			mainGroup = 4FBCEAED27C1FA3300BCF88C;
			packageReferences = (
				4FBCEB3827C62B6000BCF88C /* XCRemoteSwiftPackageReference "Swinject" */,
			);
			productRefGroup = 4FBCEAF727C1FA3300BCF88C /* Products */;
			projectDirPath = "";
			projectRoot = "";
			targets = (
				4FBCEAF527C1FA3300BCF88C /* On the Screen */,
				4FBCEB1627C27EC800BCF88C /* On the Screen Tests */,
			);
		};
/* End PBXProject section */

/* Begin PBXResourcesBuildPhase section */
		4FBCEAF427C1FA3300BCF88C /* Resources */ = {
			isa = PBXResourcesBuildPhase;
			buildActionMask = 2147483647;
			files = (
				4FBCEAFE27C1FA3400BCF88C /* Assets.xcassets in Resources */,
				4FBCEB0127C1FA3400BCF88C /* Main.storyboard in Resources */,
			);
			runOnlyForDeploymentPostprocessing = 0;
		};
		4FBCEB1527C27EC800BCF88C /* Resources */ = {
			isa = PBXResourcesBuildPhase;
			buildActionMask = 2147483647;
			files = (
			);
			runOnlyForDeploymentPostprocessing = 0;
		};
/* End PBXResourcesBuildPhase section */

/* Begin PBXSourcesBuildPhase section */
		4FBCEAF227C1FA3300BCF88C /* Sources */ = {
			isa = PBXSourcesBuildPhase;
			buildActionMask = 2147483647;
			files = (
				4FBCEB3527C6285000BCF88C /* AppContainer.swift in Sources */,
				4FBCEB2D27C626FD00BCF88C /* Injectable.swift in Sources */,
				4FBCEAFC27C1FA3300BCF88C /* SlideOverViewController.swift in Sources */,
				4FBCEB1027C2709F00BCF88C /* SlideOverComputable.swift in Sources */,
				4FBCEB2F27C6273800BCF88C /* Dependencies.swift in Sources */,
				4FBCEB4727C680A400BCF88C /* AlearService.swift in Sources */,
				4FBCEB4227C63B8D00BCF88C /* SlideOverWindowUseCase.swift in Sources */,
				4FBCEB3327C6282200BCF88C /* SwinjectInjector.swift in Sources */,
				4FBCEB0927C1FA5600BCF88C /* SlideOverWindowController.swift.swift in Sources */,
				4FBCEB3127C627C600BCF88C /* Injector.swift in Sources */,
				4FBCEAFA27C1FA3300BCF88C /* AppDelegate.swift in Sources */,
				4FBCEB5427CBBC2500BCF88C /* UserAgent.swift in Sources */,
				4FBCEB1227C27B7700BCF88C /* MousePositionService.swift in Sources */,
				4FBCEB4927C6810300BCF88C /* URLValidationService.swift in Sources */,
				4FBCEB3727C62A4000BCF88C /* Container+.swift in Sources */,
				4FBCEB5127CBAE5600BCF88C /* WKPreferences.m in Sources */,
				4FBCEB4427C667EF00BCF88C /* SlideOverWebView.swift in Sources */,
				4FBCEB5627D3259A00BCF88C /* WebViewService.swift in Sources */,
				4FBCEB2327C6244900BCF88C /* UserSettingService.swift in Sources */,
				4FBCEB0E27C20BBA00BCF88C /* SlideOverService.swift in Sources */,
				4FBCEB4027C63B6C00BCF88C /* SlideOverWindowAction.swift in Sources */,
				4FBCEB4E27CA1E5500BCF88C /* NotificationManager.swift in Sources */,
				4FBCEB3D27C63A3000BCF88C /* SlideOverWindowPresenter.swift in Sources */,
				4FBCEB4B27C7C8C100BCF88C /* URLEncodeService.swift in Sources */,
			);
			runOnlyForDeploymentPostprocessing = 0;
		};
		4FBCEB1327C27EC800BCF88C /* Sources */ = {
			isa = PBXSourcesBuildPhase;
			buildActionMask = 2147483647;
			files = (
				4FBCEB2127C27EE200BCF88C /* MousePointServiceTests.swift in Sources */,
				4FBCEB1A27C27EC800BCF88C /* slideover_for_macosTests.swift in Sources */,
			);
			runOnlyForDeploymentPostprocessing = 0;
		};
/* End PBXSourcesBuildPhase section */

/* Begin PBXTargetDependency section */
		4FBCEB1C27C27EC800BCF88C /* PBXTargetDependency */ = {
			isa = PBXTargetDependency;
			target = 4FBCEAF527C1FA3300BCF88C /* On the Screen */;
			targetProxy = 4FBCEB1B27C27EC800BCF88C /* PBXContainerItemProxy */;
		};
/* End PBXTargetDependency section */

/* Begin PBXVariantGroup section */
		4FBCEAFF27C1FA3400BCF88C /* Main.storyboard */ = {
			isa = PBXVariantGroup;
			children = (
				4FBCEB0027C1FA3400BCF88C /* Base */,
			);
			name = Main.storyboard;
			sourceTree = "<group>";
		};
/* End PBXVariantGroup section */

/* Begin XCBuildConfiguration section */
		4FBCEB0327C1FA3400BCF88C /* Debug */ = {
			isa = XCBuildConfiguration;
			buildSettings = {
				ALWAYS_SEARCH_USER_PATHS = NO;
				CLANG_ANALYZER_NONNULL = YES;
				CLANG_ANALYZER_NUMBER_OBJECT_CONVERSION = YES_AGGRESSIVE;
				CLANG_CXX_LANGUAGE_STANDARD = "gnu++17";
				CLANG_CXX_LIBRARY = "libc++";
				CLANG_ENABLE_MODULES = YES;
				CLANG_ENABLE_OBJC_ARC = YES;
				CLANG_ENABLE_OBJC_WEAK = YES;
				CLANG_WARN_BLOCK_CAPTURE_AUTORELEASING = YES;
				CLANG_WARN_BOOL_CONVERSION = YES;
				CLANG_WARN_COMMA = YES;
				CLANG_WARN_CONSTANT_CONVERSION = YES;
				CLANG_WARN_DEPRECATED_OBJC_IMPLEMENTATIONS = YES;
				CLANG_WARN_DIRECT_OBJC_ISA_USAGE = YES_ERROR;
				CLANG_WARN_DOCUMENTATION_COMMENTS = YES;
				CLANG_WARN_EMPTY_BODY = YES;
				CLANG_WARN_ENUM_CONVERSION = YES;
				CLANG_WARN_INFINITE_RECURSION = YES;
				CLANG_WARN_INT_CONVERSION = YES;
				CLANG_WARN_NON_LITERAL_NULL_CONVERSION = YES;
				CLANG_WARN_OBJC_IMPLICIT_RETAIN_SELF = YES;
				CLANG_WARN_OBJC_LITERAL_CONVERSION = YES;
				CLANG_WARN_OBJC_ROOT_CLASS = YES_ERROR;
				CLANG_WARN_QUOTED_INCLUDE_IN_FRAMEWORK_HEADER = YES;
				CLANG_WARN_RANGE_LOOP_ANALYSIS = YES;
				CLANG_WARN_STRICT_PROTOTYPES = YES;
				CLANG_WARN_SUSPICIOUS_MOVE = YES;
				CLANG_WARN_UNGUARDED_AVAILABILITY = YES_AGGRESSIVE;
				CLANG_WARN_UNREACHABLE_CODE = YES;
				CLANG_WARN__DUPLICATE_METHOD_MATCH = YES;
				COPY_PHASE_STRIP = NO;
				DEBUG_INFORMATION_FORMAT = dwarf;
				ENABLE_STRICT_OBJC_MSGSEND = YES;
				ENABLE_TESTABILITY = YES;
				GCC_C_LANGUAGE_STANDARD = gnu11;
				GCC_DYNAMIC_NO_PIC = NO;
				GCC_NO_COMMON_BLOCKS = YES;
				GCC_OPTIMIZATION_LEVEL = 0;
				GCC_PREPROCESSOR_DEFINITIONS = (
					"DEBUG=1",
					"$(inherited)",
				);
				GCC_WARN_64_TO_32_BIT_CONVERSION = YES;
				GCC_WARN_ABOUT_RETURN_TYPE = YES_ERROR;
				GCC_WARN_UNDECLARED_SELECTOR = YES;
				GCC_WARN_UNINITIALIZED_AUTOS = YES_AGGRESSIVE;
				GCC_WARN_UNUSED_FUNCTION = YES;
				GCC_WARN_UNUSED_VARIABLE = YES;
				INFOPLIST_KEY_CFBundleDisplayName = "";
				MACOSX_DEPLOYMENT_TARGET = 11.2;
				MTL_ENABLE_DEBUG_INFO = INCLUDE_SOURCE;
				MTL_FAST_MATH = YES;
				ONLY_ACTIVE_ARCH = YES;
				SDKROOT = macosx;
				SWIFT_ACTIVE_COMPILATION_CONDITIONS = DEBUG;
				SWIFT_OPTIMIZATION_LEVEL = "-Onone";
			};
			name = Debug;
		};
		4FBCEB0427C1FA3400BCF88C /* Release */ = {
			isa = XCBuildConfiguration;
			buildSettings = {
				ALWAYS_SEARCH_USER_PATHS = NO;
				CLANG_ANALYZER_NONNULL = YES;
				CLANG_ANALYZER_NUMBER_OBJECT_CONVERSION = YES_AGGRESSIVE;
				CLANG_CXX_LANGUAGE_STANDARD = "gnu++17";
				CLANG_CXX_LIBRARY = "libc++";
				CLANG_ENABLE_MODULES = YES;
				CLANG_ENABLE_OBJC_ARC = YES;
				CLANG_ENABLE_OBJC_WEAK = YES;
				CLANG_WARN_BLOCK_CAPTURE_AUTORELEASING = YES;
				CLANG_WARN_BOOL_CONVERSION = YES;
				CLANG_WARN_COMMA = YES;
				CLANG_WARN_CONSTANT_CONVERSION = YES;
				CLANG_WARN_DEPRECATED_OBJC_IMPLEMENTATIONS = YES;
				CLANG_WARN_DIRECT_OBJC_ISA_USAGE = YES_ERROR;
				CLANG_WARN_DOCUMENTATION_COMMENTS = YES;
				CLANG_WARN_EMPTY_BODY = YES;
				CLANG_WARN_ENUM_CONVERSION = YES;
				CLANG_WARN_INFINITE_RECURSION = YES;
				CLANG_WARN_INT_CONVERSION = YES;
				CLANG_WARN_NON_LITERAL_NULL_CONVERSION = YES;
				CLANG_WARN_OBJC_IMPLICIT_RETAIN_SELF = YES;
				CLANG_WARN_OBJC_LITERAL_CONVERSION = YES;
				CLANG_WARN_OBJC_ROOT_CLASS = YES_ERROR;
				CLANG_WARN_QUOTED_INCLUDE_IN_FRAMEWORK_HEADER = YES;
				CLANG_WARN_RANGE_LOOP_ANALYSIS = YES;
				CLANG_WARN_STRICT_PROTOTYPES = YES;
				CLANG_WARN_SUSPICIOUS_MOVE = YES;
				CLANG_WARN_UNGUARDED_AVAILABILITY = YES_AGGRESSIVE;
				CLANG_WARN_UNREACHABLE_CODE = YES;
				CLANG_WARN__DUPLICATE_METHOD_MATCH = YES;
				COPY_PHASE_STRIP = NO;
				DEBUG_INFORMATION_FORMAT = "dwarf-with-dsym";
				ENABLE_NS_ASSERTIONS = NO;
				ENABLE_STRICT_OBJC_MSGSEND = YES;
				GCC_C_LANGUAGE_STANDARD = gnu11;
				GCC_NO_COMMON_BLOCKS = YES;
				GCC_WARN_64_TO_32_BIT_CONVERSION = YES;
				GCC_WARN_ABOUT_RETURN_TYPE = YES_ERROR;
				GCC_WARN_UNDECLARED_SELECTOR = YES;
				GCC_WARN_UNINITIALIZED_AUTOS = YES_AGGRESSIVE;
				GCC_WARN_UNUSED_FUNCTION = YES;
				GCC_WARN_UNUSED_VARIABLE = YES;
				INFOPLIST_KEY_CFBundleDisplayName = "";
				MACOSX_DEPLOYMENT_TARGET = 11.2;
				MTL_ENABLE_DEBUG_INFO = NO;
				MTL_FAST_MATH = YES;
				SDKROOT = macosx;
				SWIFT_COMPILATION_MODE = wholemodule;
				SWIFT_OPTIMIZATION_LEVEL = "-O";
			};
			name = Release;
		};
		4FBCEB0627C1FA3400BCF88C /* Debug */ = {
			isa = XCBuildConfiguration;
			buildSettings = {
				ASSETCATALOG_COMPILER_APPICON_NAME = AppIcon;
				ASSETCATALOG_COMPILER_GLOBAL_ACCENT_COLOR_NAME = AccentColor;
				CLANG_ENABLE_MODULES = YES;
				CODE_SIGN_ENTITLEMENTS = "slideover-for-macos/slideover_for_macos.entitlements";
				CODE_SIGN_STYLE = Automatic;
				COMBINE_HIDPI_IMAGES = YES;
				CURRENT_PROJECT_VERSION = 1;
				DEVELOPMENT_TEAM = 2CMV7D36JC;
				ENABLE_HARDENED_RUNTIME = YES;
				GENERATE_INFOPLIST_FILE = YES;
				INFOPLIST_FILE = "slideover-for-macos/Info.plist";
				INFOPLIST_KEY_CFBundleDisplayName = "";
				INFOPLIST_KEY_LSApplicationCategoryType = "public.app-category.utilities";
				INFOPLIST_KEY_NSHumanReadableCopyright = "hiroyasu niitsuma";
				INFOPLIST_KEY_NSMainStoryboardFile = Main;
				INFOPLIST_KEY_NSPrincipalClass = NSApplication;
				LD_RUNPATH_SEARCH_PATHS = (
					"$(inherited)",
					"@executable_path/../Frameworks",
				);
				MACOSX_DEPLOYMENT_TARGET = 11.2;
				MARKETING_VERSION = 1.0;
				PRODUCT_BUNDLE_IDENTIFIER = "com.nhiro1109.slideover-for-macos";
				PRODUCT_NAME = "${TARGET_NAME}";
				SWIFT_EMIT_LOC_STRINGS = YES;
				SWIFT_OBJC_BRIDGING_HEADER = "slideover-for-macos/slideover-for-macos-Bridging-Header.h";
				SWIFT_OPTIMIZATION_LEVEL = "-Onone";
				SWIFT_VERSION = 5.0;
			};
			name = Debug;
		};
		4FBCEB0727C1FA3400BCF88C /* Release */ = {
			isa = XCBuildConfiguration;
			buildSettings = {
				ASSETCATALOG_COMPILER_APPICON_NAME = AppIcon;
				ASSETCATALOG_COMPILER_GLOBAL_ACCENT_COLOR_NAME = AccentColor;
				CLANG_ENABLE_MODULES = YES;
				CODE_SIGN_ENTITLEMENTS = "slideover-for-macos/slideover_for_macos.entitlements";
				CODE_SIGN_STYLE = Automatic;
				COMBINE_HIDPI_IMAGES = YES;
				CURRENT_PROJECT_VERSION = 1;
				DEVELOPMENT_TEAM = 2CMV7D36JC;
				ENABLE_HARDENED_RUNTIME = YES;
				GENERATE_INFOPLIST_FILE = YES;
				INFOPLIST_FILE = "slideover-for-macos/Info.plist";
				INFOPLIST_KEY_CFBundleDisplayName = "";
				INFOPLIST_KEY_LSApplicationCategoryType = "public.app-category.utilities";
				INFOPLIST_KEY_NSHumanReadableCopyright = "hiroyasu niitsuma";
				INFOPLIST_KEY_NSMainStoryboardFile = Main;
				INFOPLIST_KEY_NSPrincipalClass = NSApplication;
				LD_RUNPATH_SEARCH_PATHS = (
					"$(inherited)",
					"@executable_path/../Frameworks",
				);
				MACOSX_DEPLOYMENT_TARGET = 11.2;
				MARKETING_VERSION = 1.0;
				PRODUCT_BUNDLE_IDENTIFIER = "com.nhiro1109.slideover-for-macos";
				PRODUCT_NAME = "${TARGET_NAME}";
				SWIFT_EMIT_LOC_STRINGS = YES;
				SWIFT_OBJC_BRIDGING_HEADER = "slideover-for-macos/slideover-for-macos-Bridging-Header.h";
				SWIFT_VERSION = 5.0;
			};
			name = Release;
		};
		4FBCEB1E27C27EC800BCF88C /* Debug */ = {
			isa = XCBuildConfiguration;
			buildSettings = {
				BUNDLE_LOADER = "$(TEST_HOST)";
				CODE_SIGN_STYLE = Automatic;
				CURRENT_PROJECT_VERSION = 1;
				DEVELOPMENT_TEAM = 2CMV7D36JC;
				GENERATE_INFOPLIST_FILE = YES;
				MARKETING_VERSION = 1.0;
				PRODUCT_BUNDLE_IDENTIFIER = "com.nhiro1109.slideover-for-macosTests";
				PRODUCT_NAME = "$(TARGET_NAME)";
				SWIFT_EMIT_LOC_STRINGS = NO;
				SWIFT_VERSION = 5.0;
				TEST_HOST = "$(BUILT_PRODUCTS_DIR)/On the Screen.app/Contents/MacOS/On the Screen";
			};
			name = Debug;
		};
		4FBCEB1F27C27EC800BCF88C /* Release */ = {
			isa = XCBuildConfiguration;
			buildSettings = {
				BUNDLE_LOADER = "$(TEST_HOST)";
				CODE_SIGN_STYLE = Automatic;
				CURRENT_PROJECT_VERSION = 1;
				DEVELOPMENT_TEAM = 2CMV7D36JC;
				GENERATE_INFOPLIST_FILE = YES;
				MARKETING_VERSION = 1.0;
				PRODUCT_BUNDLE_IDENTIFIER = "com.nhiro1109.slideover-for-macosTests";
				PRODUCT_NAME = "$(TARGET_NAME)";
				SWIFT_EMIT_LOC_STRINGS = NO;
				SWIFT_VERSION = 5.0;
				TEST_HOST = "$(BUILT_PRODUCTS_DIR)/On the Screen.app/Contents/MacOS/On the Screen";
			};
			name = Release;
		};
/* End XCBuildConfiguration section */

/* Begin XCConfigurationList section */
		4FBCEAF127C1FA3300BCF88C /* Build configuration list for PBXProject "slideover-for-macos" */ = {
			isa = XCConfigurationList;
			buildConfigurations = (
				4FBCEB0327C1FA3400BCF88C /* Debug */,
				4FBCEB0427C1FA3400BCF88C /* Release */,
			);
			defaultConfigurationIsVisible = 0;
			defaultConfigurationName = Release;
		};
		4FBCEB0527C1FA3400BCF88C /* Build configuration list for PBXNativeTarget "On the Screen" */ = {
			isa = XCConfigurationList;
			buildConfigurations = (
				4FBCEB0627C1FA3400BCF88C /* Debug */,
				4FBCEB0727C1FA3400BCF88C /* Release */,
			);
			defaultConfigurationIsVisible = 0;
			defaultConfigurationName = Release;
		};
		4FBCEB1D27C27EC800BCF88C /* Build configuration list for PBXNativeTarget "On the Screen Tests" */ = {
			isa = XCConfigurationList;
			buildConfigurations = (
				4FBCEB1E27C27EC800BCF88C /* Debug */,
				4FBCEB1F27C27EC800BCF88C /* Release */,
			);
			defaultConfigurationIsVisible = 0;
			defaultConfigurationName = Release;
		};
/* End XCConfigurationList section */

/* Begin XCRemoteSwiftPackageReference section */
		4FBCEB3827C62B6000BCF88C /* XCRemoteSwiftPackageReference "Swinject" */ = {
			isa = XCRemoteSwiftPackageReference;
			repositoryURL = "https://github.com/Swinject/Swinject.git";
			requirement = {
				kind = upToNextMajorVersion;
				minimumVersion = 2.0.0;
			};
		};
/* End XCRemoteSwiftPackageReference section */

/* Begin XCSwiftPackageProductDependency section */
		4FBCEB3927C62B6000BCF88C /* Swinject */ = {
			isa = XCSwiftPackageProductDependency;
			package = 4FBCEB3827C62B6000BCF88C /* XCRemoteSwiftPackageReference "Swinject" */;
			productName = Swinject;
		};
/* End XCSwiftPackageProductDependency section */
	};
	rootObject = 4FBCEAEE27C1FA3300BCF88C /* Project object */;
}
